{
  "requires": true,
  "lockfileVersion": 1,
  "dependencies": {
    "uview-ui": {
      "version": "1.5.8",
      "resolved": "https://registry.npmjs.org/uview-ui/-/uview-ui-1.5.8.tgz",
      "integrity": "sha512-+aIH3U5dWc9GJE6v+in2ujCaOyNA2nf0jTLFxfpVzx6dmkyvtPS9Dd0JJa9Q6vcnRnrHTz0vaC+yCPE/8Y5QeQ=="
    }
  }
}
